// !$*UTF8*$!
{
	archiveVersion = 1;
	classes = {
	};
	objectVersion = 56;
	objects = {

/* Begin PBXBuildFile section */
		350B6A452B353007008EB13A /* lib in Resources */ = {isa = PBXBuildFile; fileRef = 350B6A442B353007008EB13A /* lib */; };
		357609022B35735B00EE63E4 /* SwiftTermTest.swift in Sources */ = {isa = PBXBuildFile; fileRef = 357609012B35735B00EE63E4 /* SwiftTermTest.swift */; };
		357609052B35736A00EE63E4 /* FluidGradient in Frameworks */ = {isa = PBXBuildFile; productRef = 357609042B35736A00EE63E4 /* FluidGradient */; };
		357609092B360CE900EE63E4 /* RootView.swift in Sources */ = {isa = PBXBuildFile; fileRef = 357609082B360CE900EE63E4 /* RootView.swift */; };
		3576090B2B360DFD00EE63E4 /* Settings.swift in Sources */ = {isa = PBXBuildFile; fileRef = 3576090A2B360DFD00EE63E4 /* Settings.swift */; };
		357B77832B2E694E00B8DA2C /* FridaSSHUIApp.swift in Sources */ = {isa = PBXBuildFile; fileRef = 357B77822B2E694E00B8DA2C /* FridaSSHUIApp.swift */; };
		357B77852B2E694E00B8DA2C /* ContentView.swift in Sources */ = {isa = PBXBuildFile; fileRef = 357B77842B2E694E00B8DA2C /* ContentView.swift */; };
		357B77872B2E694E00B8DA2C /* Item.swift in Sources */ = {isa = PBXBuildFile; fileRef = 357B77862B2E694E00B8DA2C /* Item.swift */; };
		357B77892B2E695000B8DA2C /* Assets.xcassets in Resources */ = {isa = PBXBuildFile; fileRef = 357B77882B2E695000B8DA2C /* Assets.xcassets */; };
		357B778C2B2E695000B8DA2C /* Preview Assets.xcassets in Resources */ = {isa = PBXBuildFile; fileRef = 357B778B2B2E695000B8DA2C /* Preview Assets.xcassets */; };
		357B77922B2E6DB600B8DA2C /* iproxy in Resources */ = {isa = PBXBuildFile; fileRef = 357B77912B2E6DB600B8DA2C /* iproxy */; };
/* End PBXBuildFile section */

/* Begin PBXFileReference section */
		350B6A442B353007008EB13A /* lib */ = {isa = PBXFileReference; lastKnownFileType = folder; name = lib; path = ../../Documents/lib; sourceTree = "<group>"; };
		357609012B35735B00EE63E4 /* SwiftTermTest.swift */ = {isa = PBXFileReference; lastKnownFileType = sourcecode.swift; path = SwiftTermTest.swift; sourceTree = "<group>"; };
		357609082B360CE900EE63E4 /* RootView.swift */ = {isa = PBXFileReference; lastKnownFileType = sourcecode.swift; path = RootView.swift; sourceTree = "<group>"; };
		3576090A2B360DFD00EE63E4 /* Settings.swift */ = {isa = PBXFileReference; lastKnownFileType = sourcecode.swift; path = Settings.swift; sourceTree = "<group>"; };
		357B77752B2E689200B8DA2C /* main.swift */ = {isa = PBXFileReference; lastKnownFileType = sourcecode.swift; path = main.swift; sourceTree = "<group>"; };
		357B77802B2E694E00B8DA2C /* SparkSH.app */ = {isa = PBXFileReference; explicitFileType = wrapper.application; includeInIndex = 0; path = SparkSH.app; sourceTree = BUILT_PRODUCTS_DIR; };
		357B77822B2E694E00B8DA2C /* FridaSSHUIApp.swift */ = {isa = PBXFileReference; lastKnownFileType = sourcecode.swift; path = FridaSSHUIApp.swift; sourceTree = "<group>"; };
		357B77842B2E694E00B8DA2C /* ContentView.swift */ = {isa = PBXFileReference; lastKnownFileType = sourcecode.swift; path = ContentView.swift; sourceTree = "<group>"; };
		357B77862B2E694E00B8DA2C /* Item.swift */ = {isa = PBXFileReference; lastKnownFileType = sourcecode.swift; path = Item.swift; sourceTree = "<group>"; };
		357B77882B2E695000B8DA2C /* Assets.xcassets */ = {isa = PBXFileReference; lastKnownFileType = folder.assetcatalog; path = Assets.xcassets; sourceTree = "<group>"; };
		357B778B2B2E695000B8DA2C /* Preview Assets.xcassets */ = {isa = PBXFileReference; lastKnownFileType = folder.assetcatalog; path = "Preview Assets.xcassets"; sourceTree = "<group>"; };
		357B778D2B2E695000B8DA2C /* FridaSSHUI.entitlements */ = {isa = PBXFileReference; lastKnownFileType = text.plist.entitlements; path = FridaSSHUI.entitlements; sourceTree = "<group>"; };
		357B77912B2E6DB600B8DA2C /* iproxy */ = {isa = PBXFileReference; lastKnownFileType = "compiled.mach-o.executable"; name = iproxy; path = ../../unikit/bin/macos/iproxy; sourceTree = "<group>"; };
/* End PBXFileReference section */

/* Begin PBXFrameworksBuildPhase section */
		357B777D2B2E694E00B8DA2C /* Frameworks */ = {
			isa = PBXFrameworksBuildPhase;
			buildActionMask = 2147483647;
			files = (
				357609052B35736A00EE63E4 /* FluidGradient in Frameworks */,
			);
			runOnlyForDeploymentPostprocessing = 0;
		};
/* End PBXFrameworksBuildPhase section */

/* Begin PBXGroup section */
		357B77692B2E689200B8DA2C = {
			isa = PBXGroup;
			children = (
				357B77742B2E689200B8DA2C /* FridaSSH */,
				357B77812B2E694E00B8DA2C /* FridaSSHUI */,
				357B77732B2E689200B8DA2C /* Products */,
			);
			sourceTree = "<group>";
		};
		357B77732B2E689200B8DA2C /* Products */ = {
			isa = PBXGroup;
			children = (
				357B77802B2E694E00B8DA2C /* SparkSH.app */,
			);
			name = Products;
			sourceTree = "<group>";
		};
		357B77742B2E689200B8DA2C /* FridaSSH */ = {
			isa = PBXGroup;
			children = (
				357B77752B2E689200B8DA2C /* main.swift */,
			);
			path = FridaSSH;
			sourceTree = "<group>";
		};
		357B77812B2E694E00B8DA2C /* FridaSSHUI */ = {
			isa = PBXGroup;
			children = (
				357B77912B2E6DB600B8DA2C /* iproxy */,
				350B6A442B353007008EB13A /* lib */,
				357B77822B2E694E00B8DA2C /* FridaSSHUIApp.swift */,
				357B77842B2E694E00B8DA2C /* ContentView.swift */,
				3576090A2B360DFD00EE63E4 /* Settings.swift */,
				357B77862B2E694E00B8DA2C /* Item.swift */,
				357609012B35735B00EE63E4 /* SwiftTermTest.swift */,
				357609082B360CE900EE63E4 /* RootView.swift */,
				357B77882B2E695000B8DA2C /* Assets.xcassets */,
				357B778D2B2E695000B8DA2C /* FridaSSHUI.entitlements */,
				357B778A2B2E695000B8DA2C /* Preview Content */,
			);
			path = FridaSSHUI;
			sourceTree = "<group>";
		};
		357B778A2B2E695000B8DA2C /* Preview Content */ = {
			isa = PBXGroup;
			children = (
				357B778B2B2E695000B8DA2C /* Preview Assets.xcassets */,
			);
			path = "Preview Content";
			sourceTree = "<group>";
		};
/* End PBXGroup section */

/* Begin PBXNativeTarget section */
		357B777F2B2E694E00B8DA2C /* SparkSH */ = {
			isa = PBXNativeTarget;
			buildConfigurationList = 357B778E2B2E695000B8DA2C /* Build configuration list for PBXNativeTarget "SparkSH" */;
			buildPhases = (
				357B777C2B2E694E00B8DA2C /* Sources */,
				357B777D2B2E694E00B8DA2C /* Frameworks */,
				357B777E2B2E694E00B8DA2C /* Resources */,
			);
			buildRules = (
			);
			dependencies = (
			);
			name = SparkSH;
			packageProductDependencies = (
				357609042B35736A00EE63E4 /* FluidGradient */,
			);
			productName = FridaSSHUI;
			productReference = 357B77802B2E694E00B8DA2C /* SparkSH.app */;
			productType = "com.apple.product-type.application";
		};
/* End PBXNativeTarget section */

/* Begin PBXProject section */
		357B776A2B2E689200B8DA2C /* Project object */ = {
			isa = PBXProject;
			attributes = {
				BuildIndependentTargetsInParallel = 1;
				LastSwiftUpdateCheck = 1500;
				LastUpgradeCheck = 1500;
				TargetAttributes = {
					357B777F2B2E694E00B8DA2C = {
						CreatedOnToolsVersion = 15.0.1;
					};
				};
			};
			buildConfigurationList = 357B776D2B2E689200B8DA2C /* Build configuration list for PBXProject "SparkSH" */;
			compatibilityVersion = "Xcode 14.0";
			developmentRegion = en;
			hasScannedForEncodings = 0;
			knownRegions = (
				en,
				Base,
			);
			mainGroup = 357B77692B2E689200B8DA2C;
			packageReferences = (
				357609032B35736A00EE63E4 /* XCRemoteSwiftPackageReference "FluidGradient" */,
			);
			productRefGroup = 357B77732B2E689200B8DA2C /* Products */;
			projectDirPath = "";
			projectRoot = "";
			targets = (
				357B777F2B2E694E00B8DA2C /* SparkSH */,
			);
		};
/* End PBXProject section */

/* Begin PBXResourcesBuildPhase section */
		357B777E2B2E694E00B8DA2C /* Resources */ = {
			isa = PBXResourcesBuildPhase;
			buildActionMask = 2147483647;
			files = (
				357B778C2B2E695000B8DA2C /* Preview Assets.xcassets in Resources */,
				357B77922B2E6DB600B8DA2C /* iproxy in Resources */,
				350B6A452B353007008EB13A /* lib in Resources */,
				357B77892B2E695000B8DA2C /* Assets.xcassets in Resources */,
			);
			runOnlyForDeploymentPostprocessing = 0;
		};
/* End PBXResourcesBuildPhase section */

/* Begin PBXSourcesBuildPhase section */
		357B777C2B2E694E00B8DA2C /* Sources */ = {
			isa = PBXSourcesBuildPhase;
			buildActionMask = 2147483647;
			files = (
				3576090B2B360DFD00EE63E4 /* Settings.swift in Sources */,
				357B77852B2E694E00B8DA2C /* ContentView.swift in Sources */,
				357B77872B2E694E00B8DA2C /* Item.swift in Sources */,
				357B77832B2E694E00B8DA2C /* FridaSSHUIApp.swift in Sources */,
				357609022B35735B00EE63E4 /* SwiftTermTest.swift in Sources */,
				357609092B360CE900EE63E4 /* RootView.swift in Sources */,
			);
			runOnlyForDeploymentPostprocessing = 0;
		};
/* End PBXSourcesBuildPhase section */

/* Begin XCBuildConfiguration section */
		357B77772B2E689200B8DA2C /* Debug */ = {
			isa = XCBuildConfiguration;
			buildSettings = {
				ALWAYS_SEARCH_USER_PATHS = NO;
				ASSETCATALOG_COMPILER_GENERATE_SWIFT_ASSET_SYMBOL_EXTENSIONS = YES;
				CLANG_ANALYZER_NONNULL = YES;
				CLANG_ANALYZER_NUMBER_OBJECT_CONVERSION = YES_AGGRESSIVE;
				CLANG_CXX_LANGUAGE_STANDARD = "gnu++20";
				CLANG_ENABLE_MODULES = YES;
				CLANG_ENABLE_OBJC_ARC = YES;
				CLANG_ENABLE_OBJC_WEAK = YES;
				CLANG_WARN_BLOCK_CAPTURE_AUTORELEASING = YES;
				CLANG_WARN_BOOL_CONVERSION = YES;
				CLANG_WARN_COMMA = YES;
				CLANG_WARN_CONSTANT_CONVERSION = YES;
				CLANG_WARN_DEPRECATED_OBJC_IMPLEMENTATIONS = YES;
				CLANG_WARN_DIRECT_OBJC_ISA_USAGE = YES_ERROR;
				CLANG_WARN_DOCUMENTATION_COMMENTS = YES;
				CLANG_WARN_EMPTY_BODY = YES;
				CLANG_WARN_ENUM_CONVERSION = YES;
				CLANG_WARN_INFINITE_RECURSION = YES;
				CLANG_WARN_INT_CONVERSION = YES;
				CLANG_WARN_NON_LITERAL_NULL_CONVERSION = YES;
				CLANG_WARN_OBJC_IMPLICIT_RETAIN_SELF = YES;
				CLANG_WARN_OBJC_LITERAL_CONVERSION = YES;
				CLANG_WARN_OBJC_ROOT_CLASS = YES_ERROR;
				CLANG_WARN_QUOTED_INCLUDE_IN_FRAMEWORK_HEADER = YES;
				CLANG_WARN_RANGE_LOOP_ANALYSIS = YES;
				CLANG_WARN_STRICT_PROTOTYPES = YES;
				CLANG_WARN_SUSPICIOUS_MOVE = YES;
				CLANG_WARN_UNGUARDED_AVAILABILITY = YES_AGGRESSIVE;
				CLANG_WARN_UNREACHABLE_CODE = YES;
				CLANG_WARN__DUPLICATE_METHOD_MATCH = YES;
				COPY_PHASE_STRIP = NO;
				DEBUG_INFORMATION_FORMAT = dwarf;
				ENABLE_STRICT_OBJC_MSGSEND = YES;
				ENABLE_TESTABILITY = YES;
				ENABLE_USER_SCRIPT_SANDBOXING = YES;
				GCC_C_LANGUAGE_STANDARD = gnu17;
				GCC_DYNAMIC_NO_PIC = NO;
				GCC_NO_COMMON_BLOCKS = YES;
				GCC_OPTIMIZATION_LEVEL = 0;
				GCC_PREPROCESSOR_DEFINITIONS = (
					"DEBUG=1",
					"$(inherited)",
				);
				GCC_WARN_64_TO_32_BIT_CONVERSION = YES;
				GCC_WARN_ABOUT_RETURN_TYPE = YES_ERROR;
				GCC_WARN_UNDECLARED_SELECTOR = YES;
				GCC_WARN_UNINITIALIZED_AUTOS = YES_AGGRESSIVE;
				GCC_WARN_UNUSED_FUNCTION = YES;
				GCC_WARN_UNUSED_VARIABLE = YES;
				LOCALIZATION_PREFERS_STRING_CATALOGS = YES;
				MACOSX_DEPLOYMENT_TARGET = 14.0;
				MTL_ENABLE_DEBUG_INFO = INCLUDE_SOURCE;
				MTL_FAST_MATH = YES;
				ONLY_ACTIVE_ARCH = YES;
				SDKROOT = macosx;
				SWIFT_ACTIVE_COMPILATION_CONDITIONS = "DEBUG $(inherited)";
				SWIFT_OPTIMIZATION_LEVEL = "-Onone";
			};
			name = Debug;
		};
		357B77782B2E689200B8DA2C /* Release */ = {
			isa = XCBuildConfiguration;
			buildSettings = {
				ALWAYS_SEARCH_USER_PATHS = NO;
				ASSETCATALOG_COMPILER_GENERATE_SWIFT_ASSET_SYMBOL_EXTENSIONS = YES;
				CLANG_ANALYZER_NONNULL = YES;
				CLANG_ANALYZER_NUMBER_OBJECT_CONVERSION = YES_AGGRESSIVE;
				CLANG_CXX_LANGUAGE_STANDARD = "gnu++20";
				CLANG_ENABLE_MODULES = YES;
				CLANG_ENABLE_OBJC_ARC = YES;
				CLANG_ENABLE_OBJC_WEAK = YES;
				CLANG_WARN_BLOCK_CAPTURE_AUTORELEASING = YES;
				CLANG_WARN_BOOL_CONVERSION = YES;
				CLANG_WARN_COMMA = YES;
				CLANG_WARN_CONSTANT_CONVERSION = YES;
				CLANG_WARN_DEPRECATED_OBJC_IMPLEMENTATIONS = YES;
				CLANG_WARN_DIRECT_OBJC_ISA_USAGE = YES_ERROR;
				CLANG_WARN_DOCUMENTATION_COMMENTS = YES;
				CLANG_WARN_EMPTY_BODY = YES;
				CLANG_WARN_ENUM_CONVERSION = YES;
				CLANG_WARN_INFINITE_RECURSION = YES;
				CLANG_WARN_INT_CONVERSION = YES;
				CLANG_WARN_NON_LITERAL_NULL_CONVERSION = YES;
				CLANG_WARN_OBJC_IMPLICIT_RETAIN_SELF = YES;
				CLANG_WARN_OBJC_LITERAL_CONVERSION = YES;
				CLANG_WARN_OBJC_ROOT_CLASS = YES_ERROR;
				CLANG_WARN_QUOTED_INCLUDE_IN_FRAMEWORK_HEADER = YES;
				CLANG_WARN_RANGE_LOOP_ANALYSIS = YES;
				CLANG_WARN_STRICT_PROTOTYPES = YES;
				CLANG_WARN_SUSPICIOUS_MOVE = YES;
				CLANG_WARN_UNGUARDED_AVAILABILITY = YES_AGGRESSIVE;
				CLANG_WARN_UNREACHABLE_CODE = YES;
				CLANG_WARN__DUPLICATE_METHOD_MATCH = YES;
				COPY_PHASE_STRIP = NO;
				DEBUG_INFORMATION_FORMAT = "dwarf-with-dsym";
				ENABLE_NS_ASSERTIONS = NO;
				ENABLE_STRICT_OBJC_MSGSEND = YES;
				ENABLE_USER_SCRIPT_SANDBOXING = YES;
				GCC_C_LANGUAGE_STANDARD = gnu17;
				GCC_NO_COMMON_BLOCKS = YES;
				GCC_WARN_64_TO_32_BIT_CONVERSION = YES;
				GCC_WARN_ABOUT_RETURN_TYPE = YES_ERROR;
				GCC_WARN_UNDECLARED_SELECTOR = YES;
				GCC_WARN_UNINITIALIZED_AUTOS = YES_AGGRESSIVE;
				GCC_WARN_UNUSED_FUNCTION = YES;
				GCC_WARN_UNUSED_VARIABLE = YES;
				LOCALIZATION_PREFERS_STRING_CATALOGS = YES;
				MACOSX_DEPLOYMENT_TARGET = 14.0;
				MTL_ENABLE_DEBUG_INFO = NO;
				MTL_FAST_MATH = YES;
				SDKROOT = macosx;
				SWIFT_COMPILATION_MODE = wholemodule;
			};
			name = Release;
		};
		357B778F2B2E695000B8DA2C /* Debug */ = {
			isa = XCBuildConfiguration;
			buildSettings = {
				ASSETCATALOG_COMPILER_APPICON_NAME = AppIcon;
				ASSETCATALOG_COMPILER_GLOBAL_ACCENT_COLOR_NAME = AccentColor;
				CODE_SIGN_ENTITLEMENTS = FridaSSHUI/FridaSSHUI.entitlements;
				"CODE_SIGN_IDENTITY[sdk=macosx*]" = "-";
				CODE_SIGN_STYLE = Automatic;
				COMBINE_HIDPI_IMAGES = YES;
				CURRENT_PROJECT_VERSION = 1;
				DEVELOPMENT_ASSET_PATHS = "\"FridaSSHUI/Preview Content\"";
				DEVELOPMENT_TEAM = 247WTX8N88;
				ENABLE_HARDENED_RUNTIME = YES;
				ENABLE_PREVIEWS = YES;
				GENERATE_INFOPLIST_FILE = YES;
				INFOPLIST_KEY_NSHumanReadableCopyright = "";
				LD_RUNPATH_SEARCH_PATHS = (
					"$(inherited)",
					"@executable_path/../Frameworks",
				);
				MACOSX_DEPLOYMENT_TARGET = 14.0;
				MARKETING_VERSION = 1.0;
				PRODUCT_BUNDLE_IDENTIFIER = com.dekotastm.frssh.FridaSSHUI;
				PRODUCT_NAME = "$(TARGET_NAME)";
				SWIFT_EMIT_LOC_STRINGS = YES;
				SWIFT_VERSION = 5.0;
			};
			name = Debug;
		};
		357B77902B2E695000B8DA2C /* Release */ = {
			isa = XCBuildConfiguration;
			buildSettings = {
				ASSETCATALOG_COMPILER_APPICON_NAME = AppIcon;
				ASSETCATALOG_COMPILER_GLOBAL_ACCENT_COLOR_NAME = AccentColor;
				CODE_SIGN_ENTITLEMENTS = FridaSSHUI/FridaSSHUI.entitlements;
				"CODE_SIGN_IDENTITY[sdk=macosx*]" = "-";
				CODE_SIGN_STYLE = Automatic;
				COMBINE_HIDPI_IMAGES = YES;
				CURRENT_PROJECT_VERSION = 1;
				DEVELOPMENT_ASSET_PATHS = "\"FridaSSHUI/Preview Content\"";
				DEVELOPMENT_TEAM = 247WTX8N88;
				ENABLE_HARDENED_RUNTIME = YES;
				ENABLE_PREVIEWS = YES;
				GENERATE_INFOPLIST_FILE = YES;
				INFOPLIST_KEY_NSHumanReadableCopyright = "";
				LD_RUNPATH_SEARCH_PATHS = (
					"$(inherited)",
					"@executable_path/../Frameworks",
				);
				MACOSX_DEPLOYMENT_TARGET = 14.0;
				MARKETING_VERSION = 1.0;
				PRODUCT_BUNDLE_IDENTIFIER = com.dekotastm.frssh.FridaSSHUI;
				PRODUCT_NAME = "$(TARGET_NAME)";
				SWIFT_EMIT_LOC_STRINGS = YES;
				SWIFT_VERSION = 5.0;
			};
			name = Release;
		};
/* End XCBuildConfiguration section */

/* Begin XCConfigurationList section */
		357B776D2B2E689200B8DA2C /* Build configuration list for PBXProject "SparkSH" */ = {
			isa = XCConfigurationList;
			buildConfigurations = (
				357B77772B2E689200B8DA2C /* Debug */,
				357B77782B2E689200B8DA2C /* Release */,
			);
			defaultConfigurationIsVisible = 0;
			defaultConfigurationName = Release;
		};
		357B778E2B2E695000B8DA2C /* Build configuration list for PBXNativeTarget "SparkSH" */ = {
			isa = XCConfigurationList;
			buildConfigurations = (
				357B778F2B2E695000B8DA2C /* Debug */,
				357B77902B2E695000B8DA2C /* Release */,
			);
			defaultConfigurationIsVisible = 0;
			defaultConfigurationName = Release;
		};
/* End XCConfigurationList section */

/* Begin XCRemoteSwiftPackageReference section */
		357609032B35736A00EE63E4 /* XCRemoteSwiftPackageReference "FluidGradient" */ = {
			isa = XCRemoteSwiftPackageReference;
			repositoryURL = "https://github.com/Cindori/FluidGradient.git";
			requirement = {
				kind = upToNextMajorVersion;
				minimumVersion = 1.0.0;
			};
		};
/* End XCRemoteSwiftPackageReference section */

/* Begin XCSwiftPackageProductDependency section */
		357609042B35736A00EE63E4 /* FluidGradient */ = {
			isa = XCSwiftPackageProductDependency;
			package = 357609032B35736A00EE63E4 /* XCRemoteSwiftPackageReference "FluidGradient" */;
			productName = FluidGradient;
		};
/* End XCSwiftPackageProductDependency section */
	};
	rootObject = 357B776A2B2E689200B8DA2C /* Project object */;
}
